
Microsoft Visual Studio Solution File, Format Version 12.00
# Visual Studio Version 17
VisualStudioVersion = 17.6.33815.320
MinimumVisualStudioVersion = 10.0.40219.1
Project("{9A19103F-16F7-4668-BE54-9A1E7A4F7556}") = "App", "App\App.csproj", "{D7FC46F1-ED09-4F16-B93B-E50B9A950240}"
EndProject
Project("{FAE04EC0-301F-11D3-BF4B-00C04F79EFBC}") = "Tests", "Tests\Tests.csproj", "{7434B316-C0A9-4012-BE2F-2BFC388A2383}"
EndProject
Global
	GlobalSection(SolutionConfigurationPlatforms) = preSolution
		Debug|Any CPU = Debug|Any CPU
		Release|Any CPU = Release|Any CPU
	EndGlobalSection
	GlobalSection(ProjectConfigurationPlatforms) = postSolution
		{D7FC46F1-ED09-4F16-B93B-E50B9A950240}.Debug|Any CPU.ActiveCfg = Debug|Any CPU
		{D7FC46F1-ED09-4F16-B93B-E50B9A950240}.Debug|Any CPU.Build.0 = Debug|Any CPU
		{D7FC46F1-ED09-4F16-B93B-E50B9A950240}.Release|Any CPU.ActiveCfg = Release|Any CPU
		{D7FC46F1-ED09-4F16-B93B-E50B9A950240}.Release|Any CPU.Build.0 = Release|Any CPU
		{7434B316-C0A9-4012-BE2F-2BFC388A2383}.Debug|Any CPU.ActiveCfg = Debug|Any CPU
		{7434B316-C0A9-4012-BE2F-2BFC388A2383}.Debug|Any CPU.Build.0 = Debug|Any CPU
		{7434B316-C0A9-4012-BE2F-2BFC388A2383}.Release|Any CPU.ActiveCfg = Release|Any CPU
		{7434B316-C0A9-4012-BE2F-2BFC388A2383}.Release|Any CPU.Build.0 = Release|Any CPU
	EndGlobalSection
	GlobalSection(SolutionProperties) = preSolution
		HideSolutionNode = FALSE
	EndGlobalSection
	GlobalSection(ExtensibilityGlobals) = postSolution
		SolutionGuid = {97419610-C75E-41C2-B0C5-5EAE099AF96A}
	EndGlobalSection
EndGlobal
